
Microsoft Visual Studio Solution File, Format Version 12.00
# Visual Studio Version 16
VisualStudioVersion = 16.0.30621.155
MinimumVisualStudioVersion = 10.0.40219.1
Project("{FAE04EC0-301F-11D3-BF4B-00C04F79EFBC}") = "WpfApp1", "WpfApp1.csproj", "{71941332-84BD-495B-A266-AEE9E709084F}"
EndProject
Global
	GlobalSection(SolutionConfigurationPlatforms) = preSolution
		Debug|Any CPU = Debug|Any CPU
		Release|Any CPU = Release|Any CPU
	EndGlobalSection
	GlobalSection(ProjectConfigurationPlatforms) = postSolution
		{71941332-84BD-495B-A266-AEE9E709084F}.Debug|Any CPU.ActiveCfg = Debug|Any CPU
		{71941332-84BD-495B-A266-AEE9E709084F}.Debug|Any CPU.Build.0 = Debug|Any CPU
		{71941332-84BD-495B-A266-AEE9E709084F}.Release|Any CPU.ActiveCfg = Release|Any CPU
		{71941332-84BD-495B-A266-AEE9E709084F}.Release|Any CPU.Build.0 = Release|Any CPU
	EndGlobalSection
	GlobalSection(SolutionProperties) = preSolution
		HideSolutionNode = FALSE
	EndGlobalSection
	GlobalSection(ExtensibilityGlobals) = postSolution
		SolutionGuid = {F9C6758D-B37D-4053-971B-2D449F20C95E}
	EndGlobalSection
EndGlobal
